
Microsoft Visual Studio Solution File, Format Version 12.00
# Visual Studio Version 17
VisualStudioVersion = 17.3.32922.545
MinimumVisualStudioVersion = 10.0.40219.1
Project("{9A19103F-16F7-4668-BE54-9A1E7A4F7556}") = "AddressBook_ADO.Net", "AddressBook_ADO.Net\AddressBook_ADO.Net.csproj", "{B9F700E1-D00F-40DF-8871-2853C4CBCE22}"
EndProject
Project("{FAE04EC0-301F-11D3-BF4B-00C04F79EFBC}") = "AddressBookTest", "AddressBookTest\AddressBookTest.csproj", "{C934730A-6688-421B-86FA-814B74D06FE8}"
EndProject
Global
	GlobalSection(SolutionConfigurationPlatforms) = preSolution
		Debug|Any CPU = Debug|Any CPU
		Release|Any CPU = Release|Any CPU
	EndGlobalSection
	GlobalSection(ProjectConfigurationPlatforms) = postSolution
		{B9F700E1-D00F-40DF-8871-2853C4CBCE22}.Debug|Any CPU.ActiveCfg = Debug|Any CPU
		{B9F700E1-D00F-40DF-8871-2853C4CBCE22}.Debug|Any CPU.Build.0 = Debug|Any CPU
		{B9F700E1-D00F-40DF-8871-2853C4CBCE22}.Release|Any CPU.ActiveCfg = Release|Any CPU
		{B9F700E1-D00F-40DF-8871-2853C4CBCE22}.Release|Any CPU.Build.0 = Release|Any CPU
		{C934730A-6688-421B-86FA-814B74D06FE8}.Debug|Any CPU.ActiveCfg = Debug|Any CPU
		{C934730A-6688-421B-86FA-814B74D06FE8}.Debug|Any CPU.Build.0 = Debug|Any CPU
		{C934730A-6688-421B-86FA-814B74D06FE8}.Release|Any CPU.ActiveCfg = Release|Any CPU
		{C934730A-6688-421B-86FA-814B74D06FE8}.Release|Any CPU.Build.0 = Release|Any CPU
	EndGlobalSection
	GlobalSection(SolutionProperties) = preSolution
		HideSolutionNode = FALSE
	EndGlobalSection
	GlobalSection(ExtensibilityGlobals) = postSolution
		SolutionGuid = {52972F57-D17F-4AE1-A7C7-62171A76DD13}
	EndGlobalSection
EndGlobal
